<?xml version="1.0" encoding="utf-8"?>
<Project ToolsVersion="4.0" xmlns="http://schemas.microsoft.com/developer/msbuild/2003">
  <ItemGroup>
    <Filter Include="Source Files">
      <UniqueIdentifier>{4FC737F1-C7A5-4376-A066-2A32D752A2FF}</UniqueIdentifier>
      <Extensions>cpp;c;cc;cxx;c++;cppm;ixx;def;odl;idl;hpj;bat;asm;asmx</Extensions>
    </Filter>
    <Filter Include="Header Files">
      <UniqueIdentifier>{93995380-89BD-4b04-88EB-625FBE52EBFB}</UniqueIdentifier>
      <Extensions>h;hh;hpp;hxx;h++;hm;inl;inc;ipp;xsd</Extensions>
    </Filter>
    <Filter Include="Resource Files">
      <UniqueIdentifier>{67DA6AB6-F800-4c08-8B7A-83BB121AAD01}</UniqueIdentifier>
      <Extensions>rc;ico;cur;bmp;dlg;rc2;rct;bin;rgs;gif;jpg;jpeg;jpe;resx;tiff;tif;png;wav;mfcribbon-ms</Extensions>
    </Filter>
  </ItemGroup>
  <ItemGroup>
    <ClCompile Include="main.cpp">
      <Filter>Source Files</Filter>
    </ClCompile>
    <ClCompile Include="DauSach\DauSach.cpp">
      <Filter>Source Files</Filter>
    </ClCompile>
    <ClCompile Include="TheDocGia\TheDocGia.cpp">
      <Filter>Source Files</Filter>
    </ClCompile>
    <ClCompile Include="Helper\Helper.cpp">
      <Filter>Source Files</Filter>
    </ClCompile>
    <ClCompile Include="Tabs\UI\Elements.cpp">
      <Filter>Source Files</Filter>
    </ClCompile>
    <ClCompile Include="Tabs\DanhSachDauSachTab\DanhSachDauSachView.cpp">
      <Filter>Source Files</Filter>
    </ClCompile>
    <ClCompile Include="Tabs\LandingView\LandingView.cpp">
      <Filter>Source Files</Filter>
    </ClCompile>
    <ClCompile Include="Tabs\DanhSachTheDocGiaTab\DanhSachTheDocGia.cpp">
      <Filter>Source Files</Filter>
    </ClCompile>
    <ClCompile Include="Tabs\ThongKeTab\ThongKeView.cpp">
      <Filter>Source Files</Filter>
    </ClCompile>
    <ClCompile Include="Tabs\DanhSachTheDocGiaTab\DanhSachTheDocGiaStyling.cpp">
      <Filter>Source Files</Filter>
    </ClCompile>
    <ClCompile Include="Tabs\DanhSachDauSachTab\DanhSachDauSachStyling.cpp">
      <Filter>Source Files</Filter>
    </ClCompile>
    <ClCompile Include="Tabs\UI\Button.cpp">
      <Filter>Source Files</Filter>
    </ClCompile>
    <ClCompile Include="Tabs\UI\Datasheet.cpp">
      <Filter>Source Files</Filter>
    </ClCompile>
    <ClCompile Include="Helper\IndexGenerator.cpp">
      <Filter>Source Files</Filter>
    </ClCompile>
  </ItemGroup>
  <ItemGroup>
    <ClInclude Include="DauSach\DauSach.h">
      <Filter>Header Files</Filter>
    </ClInclude>
    <ClInclude Include="TheDocGia\TheDocGia.h">
      <Filter>Header Files</Filter>
    </ClInclude>
    <ClInclude Include="Helper\Helper.h">
      <Filter>Header Files</Filter>
    </ClInclude>
    <ClInclude Include="Tabs\UI\Elements.h">
      <Filter>Header Files</Filter>
    </ClInclude>
    <ClInclude Include="Tabs\DanhSachDauSachTab\DanhSachDauSachView.h">
      <Filter>Header Files</Filter>
    </ClInclude>
    <ClInclude Include="Tabs\LandingView\LandingView.h">
      <Filter>Header Files</Filter>
    </ClInclude>
    <ClInclude Include="Helper\ConstantsAndGlobalVariables.h">
      <Filter>Header Files</Filter>
    </ClInclude>
    <ClInclude Include="Tabs\DanhSachTheDocGiaTab\DanhSachTheDocGia.h">
      <Filter>Header Files</Filter>
    </ClInclude>
    <ClInclude Include="DataStructures\Stack.h">
      <Filter>Header Files</Filter>
    </ClInclude>
    <ClInclude Include="Tabs\ThongKeTab\ThongKeView.h">
      <Filter>Header Files</Filter>
    </ClInclude>
    <ClInclude Include="Graphics\graphics.h">
      <Filter>Header Files</Filter>
    </ClInclude>
    <ClInclude Include="Graphics\winbgim.h">
      <Filter>Header Files</Filter>
    </ClInclude>
    <ClInclude Include="Tabs\DanhSachTheDocGiaTab\DanhSachTheDocGiaStyling.h">
      <Filter>Header Files</Filter>
    </ClInclude>
    <ClInclude Include="Tabs\DanhSachDauSachTab\DanhSachDauSachStyling.h">
      <Filter>Header Files</Filter>
    </ClInclude>
    <ClInclude Include="Tabs\UI\Button.h">
      <Filter>Header Files</Filter>
    </ClInclude>
    <ClInclude Include="Tabs\UI\Datasheet.h">
      <Filter>Header Files</Filter>
    </ClInclude>
    <ClInclude Include="Helper\IndexGenerator.h">
      <Filter>Header Files</Filter>
    </ClInclude>
    <ClInclude Include="DataStructures\HashMap.h">
      <Filter>Header Files</Filter>
    </ClInclude>
    <ClInclude Include="DataStructures\AVL_Tree.h">
      <Filter>Header Files</Filter>
    </ClInclude>
    <ClInclude Include="DataStructures\DoubleLinkedList.h">
      <Filter>Header Files</Filter>
    </ClInclude>
    <ClInclude Include="DataStructures\LinearList.h">
      <Filter>Header Files</Filter>
    </ClInclude>
    <ClInclude Include="DataStructures\LinkedList.h">
      <Filter>Header Files</Filter>
    </ClInclude>
  </ItemGroup>
  <ItemGroup>
    <Library Include="Graphics\graphics.lib" />
    <Library Include="Graphics\libbgi.a" />
  </ItemGroup>
  <ItemGroup>
    <Text Include="Databases\DanhSachTheDocGiaIndex.txt" />
    <Text Include="Databases\DOC_GIA_DB.txt" />
    <Text Include="Databases\DAU_SACH_DB.txt" />
    <Text Include="Databases\ReaderIndicies.txt" />
  </ItemGroup>
  <ItemGroup>
    <None Include="Databases\ReaderIndicies.bin">
      <Filter>Resource Files</Filter>
    </None>
  </ItemGroup>
</Project>